
Microsoft Visual Studio Solution File, Format Version 12.00
# Visual Studio 15
VisualStudioVersion = 15.0.26430.16
MinimumVisualStudioVersion = 10.0.40219.1
Project("{FAE04EC0-301F-11D3-BF4B-00C04F79EFBC}") = "WIQuest.Web", "Sources\WIQuest\WIQuest.Web\WIQuest.Web.csproj", "{409A02DB-941E-4708-89A4-1A883E56D0FC}"
EndProject
Project("{2150E333-8FDC-42A3-9474-1A3956D46DE8}") = "AppVeyor", "AppVeyor", "{46708FEF-F987-450E-B035-6BB437FE38FC}"
	ProjectSection(SolutionItems) = preProject
		appveyor.yml = appveyor.yml
		build.cake = build.cake
	EndProjectSection
EndProject
Project("{2150E333-8FDC-42A3-9474-1A3956D46DE8}") = "GitHub", "GitHub", "{A64D841D-B6DC-4919-8D15-B8C5F04163E8}"
	ProjectSection(SolutionItems) = preProject
		.gitattributes = .gitattributes
		.gitignore = .gitignore
		LICENSE = LICENSE
		README.md = README.md
	EndProjectSection
EndProject
Project("{FAE04EC0-301F-11D3-BF4B-00C04F79EFBC}") = "WIQuest.Web.Test", "Sources\WiQuest\WIQuest.Web.Test\WIQuest.Web.Test.csproj", "{D787B71A-8FD7-46F7-94DB-D8BA5090F358}"
EndProject
Global
	GlobalSection(SolutionConfigurationPlatforms) = preSolution
		Debug|Any CPU = Debug|Any CPU
		Release|Any CPU = Release|Any CPU
	EndGlobalSection
	GlobalSection(ProjectConfigurationPlatforms) = postSolution
		{409A02DB-941E-4708-89A4-1A883E56D0FC}.Debug|Any CPU.ActiveCfg = Debug|Any CPU
		{409A02DB-941E-4708-89A4-1A883E56D0FC}.Debug|Any CPU.Build.0 = Debug|Any CPU
		{409A02DB-941E-4708-89A4-1A883E56D0FC}.Release|Any CPU.ActiveCfg = Release|Any CPU
		{409A02DB-941E-4708-89A4-1A883E56D0FC}.Release|Any CPU.Build.0 = Release|Any CPU
		{D787B71A-8FD7-46F7-94DB-D8BA5090F358}.Debug|Any CPU.ActiveCfg = Debug|Any CPU
		{D787B71A-8FD7-46F7-94DB-D8BA5090F358}.Debug|Any CPU.Build.0 = Debug|Any CPU
		{D787B71A-8FD7-46F7-94DB-D8BA5090F358}.Release|Any CPU.ActiveCfg = Release|Any CPU
		{D787B71A-8FD7-46F7-94DB-D8BA5090F358}.Release|Any CPU.Build.0 = Release|Any CPU
	EndGlobalSection
	GlobalSection(SolutionProperties) = preSolution
		HideSolutionNode = FALSE
	EndGlobalSection
EndGlobal
